<?xml version="1.0" encoding="UTF-8"?>
<CONFIG>
  <ProjectOptions>
    <Version Value="12"/>
    <PathDelim Value="\"/>
    <General>
      <Flags>
        <CompatibilityMode Value="True"/>
      </Flags>
      <Title Value="HydroBuddy - an Open source nutrient calculator"/>
      <UseXPManifest Value="True"/>
      <Icon Value="0"/>
    </General>
    <VersionInfo>
      <UseVersionInfo Value="True"/>
      <MajorVersionNr Value="1"/>
      <MinorVersionNr Value="5"/>
      <StringTable ProductVersion="1.0.0.0"/>
    </VersionInfo>
    <BuildModes Count="1">
      <Item1 Name="default" Default="True"/>
    </BuildModes>
    <PublishOptions>
      <Version Value="2"/>
    </PublishOptions>
    <RunParams>
      <local>
        <LaunchingApplication PathPlusParams="\usr\X11R6\bin\xterm -T &apos;Lazarus Run Output&apos; -e $(LazarusDir)\tools\runwait.sh $(TargetCmdLine)"/>
      </local>
      <FormatVersion Value="2"/>
      <Modes Count="1">
        <Mode0 Name="default">
          <local>
            <LaunchingApplication PathPlusParams="\usr\X11R6\bin\xterm -T &apos;Lazarus Run Output&apos; -e $(LazarusDir)\tools\runwait.sh $(TargetCmdLine)"/>
          </local>
        </Mode0>
      </Modes>
    </RunParams>
    <RequiredPackages Count="3">
      <Item1>
        <PackageName Value="LCLBase"/>
        <MinVersion Major="1" Release="1" Valid="True"/>
      </Item1>
      <Item2>
        <PackageName Value="TAChartLazarusPkg"/>
        <MinVersion Major="1" Valid="True"/>
      </Item2>
      <Item3>
        <PackageName Value="LCL"/>
      </Item3>
    </RequiredPackages>
    <Units Count="34">
      <Unit0>
        <Filename Value="hydrobuddy.lpr"/>
        <IsPartOfProject Value="True"/>
        <TopLine Value="84"/>
        <CursorPos X="3" Y="103"/>
        <UsageCount Value="200"/>
        <Loaded Value="True"/>
        <LoadedDesigner Value="True"/>
      </Unit0>
      <Unit1>
        <Filename Value="hb_main.pas"/>
        <IsPartOfProject Value="True"/>
        <ComponentName Value="MainForm"/>
        <HasResources Value="True"/>
        <ResourceBaseClass Value="Form"/>
        <UnitName Value="HB_Main"/>
        <IsVisibleTab Value="True"/>
        <EditorIndex Value="8"/>
        <TopLine Value="2130"/>
        <CursorPos X="46" Y="2154"/>
        <UsageCount Value="200"/>
        <Bookmarks Count="2">
          <Item0 X="89" Y="547"/>
          <Item1 Y="1066" ID="1"/>
        </Bookmarks>
        <Loaded Value="True"/>
        <LoadedDesigner Value="True"/>
      </Unit1>
      <Unit2>
        <Filename Value="hb_load_salts.pas"/>
        <IsPartOfProject Value="True"/>
        <ComponentName Value="SubstanceSelectionForm"/>
        <HasResources Value="True"/>
        <ResourceBaseClass Value="Form"/>
        <EditorIndex Value="18"/>
        <TopLine Value="326"/>
        <CursorPos X="50" Y="343"/>
        <UsageCount Value="200"/>
        <Loaded Value="True"/>
        <LoadedDesigner Value="True"/>
      </Unit2>
      <Unit3>
        <Filename Value="hb_newcustomsalt.pas"/>
        <IsPartOfProject Value="True"/>
        <ComponentName Value="CustomSaltForm"/>
        <HasResources Value="True"/>
        <ResourceBaseClass Value="Form"/>
        <EditorIndex Value="29"/>
        <CursorPos X="32" Y="9"/>
        <UsageCount Value="200"/>
        <Loaded Value="True"/>
        <LoadedDesigner Value="True"/>
      </Unit3>
      <Unit4>
        <Filename Value="densesolver.pas"/>
        <IsPartOfProject Value="True"/>
        <EditorIndex Value="-1"/>
        <TopLine Value="37"/>
        <UsageCount Value="200"/>
      </Unit4>
      <Unit5>
        <Filename Value="hb_addweight.pas"/>
        <IsPartOfProject Value="True"/>
        <ComponentName Value="AddWeightForm"/>
        <HasResources Value="True"/>
        <ResourceBaseClass Value="Form"/>
        <EditorIndex Value="28"/>
        <TopLine Value="3"/>
        <CursorPos X="8" Y="38"/>
        <UsageCount Value="230"/>
        <Loaded Value="True"/>
        <LoadedDesigner Value="True"/>
      </Unit5>
      <Unit6>
        <Filename Value="hb_commercialnutrient.pas"/>
        <IsPartOfProject Value="True"/>
        <ComponentName Value="CommercialNutrientForm"/>
        <HasResources Value="True"/>
        <ResourceBaseClass Value="Form"/>
        <EditorIndex Value="11"/>
        <TopLine Value="102"/>
        <CursorPos X="48" Y="120"/>
        <UsageCount Value="224"/>
        <Loaded Value="True"/>
        <LoadedDesigner Value="True"/>
      </Unit6>
      <Unit7>
        <Filename Value="hb_waterquality.pas"/>
        <IsPartOfProject Value="True"/>
        <ComponentName Value="WatterQualityForm"/>
        <HasResources Value="True"/>
        <ResourceBaseClass Value="Form"/>
        <EditorIndex Value="26"/>
        <TopLine Value="131"/>
        <CursorPos X="23" Y="149"/>
        <UsageCount Value="204"/>
        <Loaded Value="True"/>
        <LoadedDesigner Value="True"/>
      </Unit7>
      <Unit8>
        <Filename Value="hb_insprecision.pas"/>
        <IsPartOfProject Value="True"/>
        <ComponentName Value="InsPrecisionForm"/>
        <HasResources Value="True"/>
        <ResourceBaseClass Value="Form"/>
        <EditorIndex Value="25"/>
        <TopLine Value="10"/>
        <CursorPos X="3" Y="30"/>
        <UsageCount Value="202"/>
        <Loaded Value="True"/>
        <LoadedDesigner Value="True"/>
      </Unit8>
      <Unit9>
        <Filename Value="hb_stockanalysis.pas"/>
        <IsPartOfProject Value="True"/>
        <ComponentName Value="StockAnalysisForm"/>
        <HasResources Value="True"/>
        <ResourceBaseClass Value="Form"/>
        <EditorIndex Value="24"/>
        <CursorPos X="13" Y="9"/>
        <UsageCount Value="200"/>
        <Loaded Value="True"/>
        <LoadedDesigner Value="True"/>
      </Unit9>
      <Unit10>
        <Filename Value="hb_persubstance.pas"/>
        <IsPartOfProject Value="True"/>
        <ComponentName Value="PerSubstanceForm"/>
        <HasResources Value="True"/>
        <ResourceBaseClass Value="Form"/>
        <EditorIndex Value="23"/>
        <CursorPos X="19" Y="26"/>
        <UsageCount Value="216"/>
        <Loaded Value="True"/>
        <LoadedDesigner Value="True"/>
      </Unit10>
      <Unit11>
        <Filename Value="hb_datasetname.pas"/>
        <IsPartOfProject Value="True"/>
        <ComponentName Value="DatasetNameForm"/>
        <HasResources Value="True"/>
        <ResourceBaseClass Value="Form"/>
        <EditorIndex Value="22"/>
        <CursorPos X="18" Y="27"/>
        <UsageCount Value="209"/>
        <Loaded Value="True"/>
        <LoadedDesigner Value="True"/>
      </Unit11>
      <Unit12>
        <Filename Value="hb_analysis.pas"/>
        <IsPartOfProject Value="True"/>
        <ComponentName Value="AnalysisForm"/>
        <HasResources Value="True"/>
        <ResourceBaseClass Value="Form"/>
        <EditorIndex Value="21"/>
        <UsageCount Value="200"/>
        <Loaded Value="True"/>
        <LoadedDesigner Value="True"/>
      </Unit12>
      <Unit13>
        <Filename Value="hb_freedom.pas"/>
        <IsPartOfProject Value="True"/>
        <ComponentName Value="FreedomForm"/>
        <HasResources Value="True"/>
        <ResourceBaseClass Value="Form"/>
        <EditorIndex Value="20"/>
        <CursorPos X="19" Y="13"/>
        <UsageCount Value="204"/>
        <Loaded Value="True"/>
        <LoadedDesigner Value="True"/>
      </Unit13>
      <Unit14>
        <Filename Value="ping.pas"/>
        <IsPartOfProject Value="True"/>
        <UnitName Value="Ping"/>
        <TopLine Value="53"/>
        <CursorPos X="26" Y="72"/>
        <UsageCount Value="202"/>
      </Unit14>
      <Unit15>
        <Filename Value="hb_ph.pas"/>
        <IsPartOfProject Value="True"/>
        <ComponentName Value="AlkalinityForm"/>
        <HasResources Value="True"/>
        <ResourceBaseClass Value="Form"/>
        <EditorIndex Value="27"/>
        <TopLine Value="37"/>
        <CursorPos X="35" Y="51"/>
        <UsageCount Value="248"/>
        <Loaded Value="True"/>
        <LoadedDesigner Value="True"/>
      </Unit15>
      <Unit16>
        <Filename Value="hb_ratios.pas"/>
        <IsPartOfProject Value="True"/>
        <ComponentName Value="Form14"/>
        <HasResources Value="True"/>
        <ResourceBaseClass Value="Form"/>
        <EditorIndex Value="30"/>
        <CursorPos X="3" Y="33"/>
        <UsageCount Value="246"/>
        <Loaded Value="True"/>
        <LoadedDesigner Value="True"/>
      </Unit16>
      <Unit17>
        <Filename Value="hb_comparison.pas"/>
        <IsPartOfProject Value="True"/>
        <ComponentName Value="ComparisonForm"/>
        <HasResources Value="True"/>
        <ResourceBaseClass Value="Form"/>
        <EditorIndex Value="10"/>
        <CursorPos X="51" Y="19"/>
        <UsageCount Value="229"/>
        <Loaded Value="True"/>
        <LoadedDesigner Value="True"/>
      </Unit17>
      <Unit18>
        <Filename Value="hb_tissue_analysis.pas"/>
        <IsPartOfProject Value="True"/>
        <ComponentName Value="TissueAnalysisForm"/>
        <HasResources Value="True"/>
        <ResourceBaseClass Value="Form"/>
        <EditorIndex Value="19"/>
        <CursorPos X="5" Y="93"/>
        <UsageCount Value="218"/>
        <Loaded Value="True"/>
        <LoadedDesigner Value="True"/>
      </Unit18>
      <Unit19>
        <Filename Value="C:\lazarus\lcl\include\control.inc"/>
        <EditorIndex Value="9"/>
        <TopLine Value="3582"/>
        <CursorPos Y="3613"/>
        <UsageCount Value="87"/>
        <Loaded Value="True"/>
      </Unit19>
      <Unit20>
        <Filename Value="customhelpfunctions.pas"/>
        <IsPartOfProject Value="True"/>
        <UnitName Value="CustomHelpFunctions"/>
        <EditorIndex Value="12"/>
        <TopLine Value="16"/>
        <CursorPos X="19" Y="45"/>
        <UsageCount Value="219"/>
        <Loaded Value="True"/>
      </Unit20>
      <Unit21>
        <Filename Value="C:\lazarus\fpc\3.2.2\source\packages\fcl-db\src\dbase\dbf.pas"/>
        <EditorIndex Value="-1"/>
        <CursorPos X="21" Y="48"/>
        <UsageCount Value="70"/>
      </Unit21>
      <Unit22>
        <Filename Value="db_watterquality.pas"/>
        <EditorIndex Value="7"/>
        <CursorPos Y="172"/>
        <UsageCount Value="171"/>
        <Loaded Value="True"/>
      </Unit22>
      <Unit23>
        <Filename Value="db_formulations.pas"/>
        <EditorIndex Value="6"/>
        <CursorPos Y="12"/>
        <UsageCount Value="170"/>
        <Loaded Value="True"/>
      </Unit23>
      <Unit24>
        <Filename Value="db_base.pas"/>
        <EditorIndex Value="4"/>
        <TopLine Value="49"/>
        <CursorPos Y="72"/>
        <UsageCount Value="102"/>
        <Loaded Value="True"/>
      </Unit24>
      <Unit25>
        <Filename Value="db_substances.pas"/>
        <EditorIndex Value="3"/>
        <CursorPos X="30" Y="11"/>
        <UsageCount Value="134"/>
        <Loaded Value="True"/>
      </Unit25>
      <Unit26>
        <Filename Value="db_tissue_analysis.pas"/>
        <EditorIndex Value="2"/>
        <CursorPos X="6" Y="141"/>
        <UsageCount Value="134"/>
        <Loaded Value="True"/>
      </Unit26>
      <Unit27>
        <Filename Value="db_substances_used.pas"/>
        <EditorIndex Value="1"/>
        <UsageCount Value="134"/>
        <Loaded Value="True"/>
      </Unit27>
      <Unit28>
        <Filename Value="db_settings.pas"/>
        <EditorIndex Value="5"/>
        <TopLine Value="106"/>
        <CursorPos Y="131"/>
        <UsageCount Value="130"/>
        <Loaded Value="True"/>
      </Unit28>
      <Unit29>
        <Filename Value="C:\lazarus\lcl\lresources.pp"/>
        <UnitName Value="LResources"/>
        <EditorIndex Value="17"/>
        <TopLine Value="5328"/>
        <CursorPos Y="5350"/>
        <UsageCount Value="130"/>
        <Loaded Value="True"/>
      </Unit29>
      <Unit30>
        <Filename Value="C:\lazarus\lcl\grids.pas"/>
        <UnitName Value="Grids"/>
        <EditorIndex Value="13"/>
        <TopLine Value="10320"/>
        <CursorPos Y="10339"/>
        <UsageCount Value="129"/>
        <Loaded Value="True"/>
      </Unit30>
      <Unit31>
        <Filename Value="C:\lazarus\fpc\3.2.2\source\rtl\objpas\classes\classesh.inc"/>
        <EditorIndex Value="16"/>
        <UsageCount Value="127"/>
        <Loaded Value="True"/>
      </Unit31>
      <Unit32>
        <Filename Value="C:\lazarus\lcl\controls.pp"/>
        <UnitName Value="Controls"/>
        <EditorIndex Value="14"/>
        <TopLine Value="1169"/>
        <CursorPos X="3" Y="1188"/>
        <UsageCount Value="126"/>
        <Loaded Value="True"/>
      </Unit32>
      <Unit33>
        <Filename Value="C:\lazarus\lcl\lclclasses.pp"/>
        <UnitName Value="LCLClasses"/>
        <EditorIndex Value="15"/>
        <TopLine Value="26"/>
        <CursorPos X="3" Y="45"/>
        <UsageCount Value="126"/>
        <Loaded Value="True"/>
      </Unit33>
    </Units>
    <JumpHistory Count="30" HistoryIndex="29">
      <Position1>
        <Filename Value="hb_main.pas"/>
        <Caret Line="476" Column="70" TopLine="458"/>
      </Position1>
      <Position2>
        <Filename Value="hb_main.pas"/>
        <Caret Line="527" Column="28" TopLine="498"/>
      </Position2>
      <Position3>
        <Filename Value="hb_main.pas"/>
        <Caret Line="601" TopLine="575"/>
      </Position3>
      <Position4>
        <Filename Value="hb_main.pas"/>
        <Caret Line="536" Column="14" TopLine="520"/>
      </Position4>
      <Position5>
        <Filename Value="hb_main.pas"/>
        <Caret Line="633" Column="23" TopLine="628"/>
      </Position5>
      <Position6>
        <Filename Value="hb_main.pas"/>
        <Caret Line="639" Column="23" TopLine="628"/>
      </Position6>
      <Position7>
        <Filename Value="hb_main.pas"/>
        <Caret Line="708" Column="23" TopLine="697"/>
      </Position7>
      <Position8>
        <Filename Value="hb_main.pas"/>
        <Caret Line="720" Column="23" TopLine="697"/>
      </Position8>
      <Position9>
        <Filename Value="hb_main.pas"/>
        <Caret Line="1447" Column="12" TopLine="1418"/>
      </Position9>
      <Position10>
        <Filename Value="hb_main.pas"/>
        <Caret Line="2059" Column="19" TopLine="2030"/>
      </Position10>
      <Position11>
        <Filename Value="hb_main.pas"/>
        <Caret Line="2062" Column="19" TopLine="2033"/>
      </Position11>
      <Position12>
        <Filename Value="hb_main.pas"/>
        <Caret Line="2069" Column="19" TopLine="2040"/>
      </Position12>
      <Position13>
        <Filename Value="hb_main.pas"/>
        <Caret Line="2072" Column="19" TopLine="2043"/>
      </Position13>
      <Position14>
        <Filename Value="hb_main.pas"/>
        <Caret Line="2075" Column="20" TopLine="2046"/>
      </Position14>
      <Position15>
        <Filename Value="hb_main.pas"/>
        <Caret Line="2078" Column="20" TopLine="2049"/>
      </Position15>
      <Position16>
        <Filename Value="hb_main.pas"/>
        <Caret Line="2279" Column="24" TopLine="2250"/>
      </Position16>
      <Position17>
        <Filename Value="hb_main.pas"/>
        <Caret Line="2283" Column="25" TopLine="2254"/>
      </Position17>
      <Position18>
        <Filename Value="hb_main.pas"/>
        <Caret Line="2300" Column="23" TopLine="2271"/>
      </Position18>
      <Position19>
        <Filename Value="hb_main.pas"/>
        <Caret Line="2304" Column="25" TopLine="2275"/>
      </Position19>
      <Position20>
        <Filename Value="hb_main.pas"/>
        <Caret Line="2443" Column="23" TopLine="2414"/>
      </Position20>
      <Position21>
        <Filename Value="hb_main.pas"/>
        <Caret Line="2449" Column="23" TopLine="2420"/>
      </Position21>
      <Position22>
        <Filename Value="hb_main.pas"/>
        <Caret Line="2487" Column="23" TopLine="2458"/>
      </Position22>
      <Position23>
        <Filename Value="hb_main.pas"/>
        <Caret Line="2499" Column="23" TopLine="2470"/>
      </Position23>
      <Position24>
        <Filename Value="hb_main.pas"/>
        <Caret Line="2818" Column="64" TopLine="2788"/>
      </Position24>
      <Position25>
        <Filename Value="hb_main.pas"/>
        <Caret Line="2851" Column="14" TopLine="2821"/>
      </Position25>
      <Position26>
        <Filename Value="hb_main.pas"/>
      </Position26>
      <Position27>
        <Filename Value="hb_main.pas"/>
        <Caret Line="282" Column="12" TopLine="252"/>
      </Position27>
      <Position28>
        <Filename Value="hb_main.pas"/>
        <Caret Line="911" Column="17" TopLine="893"/>
      </Position28>
      <Position29>
        <Filename Value="hb_main.pas"/>
        <Caret Line="1343" TopLine="1321"/>
      </Position29>
      <Position30>
        <Filename Value="hb_main.pas"/>
        <Caret Line="177" Column="15" TopLine="159"/>
      </Position30>
    </JumpHistory>
  </ProjectOptions>
  <CompilerOptions>
    <Version Value="11"/>
    <PathDelim Value="\"/>
    <SearchPaths>
      <IncludeFiles Value="$(ProjOutDir)"/>
    </SearchPaths>
    <Parsing>
      <SyntaxOptions>
        <UseAnsiStrings Value="False"/>
      </SyntaxOptions>
    </Parsing>
    <Linking>
      <Debugging>
        <DebugInfoType Value="dsDwarf3"/>
      </Debugging>
      <Options>
        <Win32>
          <GraphicApplication Value="True"/>
        </Win32>
      </Options>
    </Linking>
  </CompilerOptions>
  <Debugging>
    <Exceptions Count="3">
      <Item1>
        <Name Value="EAbort"/>
      </Item1>
      <Item2>
        <Name Value="ECodetoolError"/>
      </Item2>
      <Item3>
        <Name Value="EFOpenError"/>
      </Item3>
    </Exceptions>
  </Debugging>
</CONFIG>
