<?xml version="1.0" encoding="UTF-8"?>
<CONFIG>
  <ProjectOptions>
    <Version Value="12"/>
    <PathDelim Value="\"/>
    <General>
      <Flags>
        <CompatibilityMode Value="True"/>
      </Flags>
      <Title Value="HydroBuddy - an Open source nutrient calculator"/>
      <UseXPManifest Value="True"/>
      <Icon Value="0"/>
    </General>
    <VersionInfo>
      <UseVersionInfo Value="True"/>
      <MajorVersionNr Value="1"/>
      <MinorVersionNr Value="5"/>
      <StringTable ProductVersion="1.0.0.0"/>
    </VersionInfo>
    <BuildModes Count="1">
      <Item1 Name="default" Default="True"/>
    </BuildModes>
    <PublishOptions>
      <Version Value="2"/>
    </PublishOptions>
    <RunParams>
      <local>
        <LaunchingApplication PathPlusParams="\usr\X11R6\bin\xterm -T &apos;Lazarus Run Output&apos; -e $(LazarusDir)\tools\runwait.sh $(TargetCmdLine)"/>
      </local>
      <FormatVersion Value="2"/>
      <Modes Count="1">
        <Mode0 Name="default">
          <local>
            <LaunchingApplication PathPlusParams="\usr\X11R6\bin\xterm -T &apos;Lazarus Run Output&apos; -e $(LazarusDir)\tools\runwait.sh $(TargetCmdLine)"/>
          </local>
        </Mode0>
      </Modes>
    </RunParams>
    <RequiredPackages Count="3">
      <Item1>
        <PackageName Value="LCLBase"/>
        <MinVersion Major="1" Release="1" Valid="True"/>
      </Item1>
      <Item2>
        <PackageName Value="TAChartLazarusPkg"/>
        <MinVersion Major="1" Valid="True"/>
      </Item2>
      <Item3>
        <PackageName Value="LCL"/>
      </Item3>
    </RequiredPackages>
    <Units Count="41">
      <Unit0>
        <Filename Value="hydrobuddy.lpr"/>
        <IsPartOfProject Value="True"/>
        <CursorPos X="67" Y="36"/>
        <UsageCount Value="200"/>
        <Loaded Value="True"/>
        <LoadedDesigner Value="True"/>
      </Unit0>
      <Unit1>
        <Filename Value="hb_main.pas"/>
        <IsPartOfProject Value="True"/>
        <ComponentName Value="MainForm"/>
        <HasResources Value="True"/>
        <ResourceBaseClass Value="Form"/>
        <UnitName Value="HB_Main"/>
        <IsVisibleTab Value="True"/>
        <EditorIndex Value="10"/>
        <CursorPos X="18" Y="10"/>
        <UsageCount Value="200"/>
        <Bookmarks Count="2">
          <Item0 X="34" Y="595"/>
          <Item1 X="3" Y="1387" ID="1"/>
        </Bookmarks>
        <Loaded Value="True"/>
        <LoadedDesigner Value="True"/>
      </Unit1>
      <Unit2>
        <Filename Value="hb_load_salts.pas"/>
        <IsPartOfProject Value="True"/>
        <ComponentName Value="SubstanceSelectionForm"/>
        <HasResources Value="True"/>
        <ResourceBaseClass Value="Form"/>
        <EditorIndex Value="14"/>
        <CursorPos X="52" Y="42"/>
        <UsageCount Value="200"/>
        <Loaded Value="True"/>
        <LoadedDesigner Value="True"/>
      </Unit2>
      <Unit3>
        <Filename Value="hb_newcustomsalt.pas"/>
        <IsPartOfProject Value="True"/>
        <ComponentName Value="CustomSaltForm"/>
        <HasResources Value="True"/>
        <ResourceBaseClass Value="Form"/>
        <EditorIndex Value="27"/>
        <CursorPos X="70" Y="9"/>
        <UsageCount Value="200"/>
        <Loaded Value="True"/>
        <LoadedDesigner Value="True"/>
      </Unit3>
      <Unit4>
        <Filename Value="densesolver.pas"/>
        <IsPartOfProject Value="True"/>
        <EditorIndex Value="-1"/>
        <TopLine Value="37"/>
        <UsageCount Value="200"/>
      </Unit4>
      <Unit5>
        <Filename Value="hb_addweight.pas"/>
        <IsPartOfProject Value="True"/>
        <ComponentName Value="AddWeightForm"/>
        <HasResources Value="True"/>
        <ResourceBaseClass Value="Form"/>
        <EditorIndex Value="24"/>
        <CursorPos X="8" Y="38"/>
        <UsageCount Value="230"/>
        <Loaded Value="True"/>
        <LoadedDesigner Value="True"/>
      </Unit5>
      <Unit6>
        <Filename Value="hb_commercialnutrient.pas"/>
        <IsPartOfProject Value="True"/>
        <ComponentName Value="CommercialNutrientForm"/>
        <HasResources Value="True"/>
        <ResourceBaseClass Value="Form"/>
        <EditorIndex Value="25"/>
        <UsageCount Value="224"/>
        <Loaded Value="True"/>
        <LoadedDesigner Value="True"/>
      </Unit6>
      <Unit7>
        <Filename Value="hb_waterquality.pas"/>
        <IsPartOfProject Value="True"/>
        <ComponentName Value="WatterQualityForm"/>
        <HasResources Value="True"/>
        <ResourceBaseClass Value="Form"/>
        <EditorIndex Value="22"/>
        <TopLine Value="268"/>
        <CursorPos X="69" Y="309"/>
        <UsageCount Value="204"/>
        <Loaded Value="True"/>
        <LoadedDesigner Value="True"/>
      </Unit7>
      <Unit8>
        <Filename Value="hb_insprecision.pas"/>
        <IsPartOfProject Value="True"/>
        <ComponentName Value="InsPrecisionForm"/>
        <HasResources Value="True"/>
        <ResourceBaseClass Value="Form"/>
        <EditorIndex Value="21"/>
        <CursorPos X="3" Y="26"/>
        <UsageCount Value="202"/>
        <Loaded Value="True"/>
        <LoadedDesigner Value="True"/>
      </Unit8>
      <Unit9>
        <Filename Value="hb_stockanalysis.pas"/>
        <IsPartOfProject Value="True"/>
        <ComponentName Value="StockAnalysisForm"/>
        <HasResources Value="True"/>
        <ResourceBaseClass Value="Form"/>
        <EditorIndex Value="20"/>
        <CursorPos X="20" Y="27"/>
        <UsageCount Value="200"/>
        <Loaded Value="True"/>
        <LoadedDesigner Value="True"/>
      </Unit9>
      <Unit10>
        <Filename Value="hb_persubstance.pas"/>
        <IsPartOfProject Value="True"/>
        <ComponentName Value="PerSubstanceForm"/>
        <HasResources Value="True"/>
        <ResourceBaseClass Value="Form"/>
        <EditorIndex Value="19"/>
        <CursorPos X="19" Y="26"/>
        <UsageCount Value="216"/>
        <Loaded Value="True"/>
        <LoadedDesigner Value="True"/>
      </Unit10>
      <Unit11>
        <Filename Value="hb_datasetname.pas"/>
        <IsPartOfProject Value="True"/>
        <ComponentName Value="DatasetNameForm"/>
        <HasResources Value="True"/>
        <ResourceBaseClass Value="Form"/>
        <EditorIndex Value="18"/>
        <CursorPos X="18" Y="27"/>
        <UsageCount Value="209"/>
        <Loaded Value="True"/>
        <LoadedDesigner Value="True"/>
      </Unit11>
      <Unit12>
        <Filename Value="hb_analysis.pas"/>
        <IsPartOfProject Value="True"/>
        <ComponentName Value="AnalysisForm"/>
        <HasResources Value="True"/>
        <ResourceBaseClass Value="Form"/>
        <EditorIndex Value="17"/>
        <CursorPos X="15" Y="26"/>
        <UsageCount Value="200"/>
        <Loaded Value="True"/>
        <LoadedDesigner Value="True"/>
      </Unit12>
      <Unit13>
        <Filename Value="hb_freedom.pas"/>
        <IsPartOfProject Value="True"/>
        <ComponentName Value="FreedomForm"/>
        <HasResources Value="True"/>
        <ResourceBaseClass Value="Form"/>
        <EditorIndex Value="16"/>
        <CursorPos X="19" Y="13"/>
        <UsageCount Value="204"/>
        <Loaded Value="True"/>
        <LoadedDesigner Value="True"/>
      </Unit13>
      <Unit14>
        <Filename Value="ping.pas"/>
        <IsPartOfProject Value="True"/>
        <UnitName Value="Ping"/>
        <TopLine Value="53"/>
        <CursorPos X="26" Y="72"/>
        <UsageCount Value="202"/>
      </Unit14>
      <Unit15>
        <Filename Value="hb_ph.pas"/>
        <IsPartOfProject Value="True"/>
        <ComponentName Value="Form13"/>
        <HasResources Value="True"/>
        <ResourceBaseClass Value="Form"/>
        <EditorIndex Value="23"/>
        <TopLine Value="7"/>
        <CursorPos X="35" Y="51"/>
        <UsageCount Value="248"/>
        <Loaded Value="True"/>
        <LoadedDesigner Value="True"/>
      </Unit15>
      <Unit16>
        <Filename Value="hb_ratios.pas"/>
        <IsPartOfProject Value="True"/>
        <ComponentName Value="Form14"/>
        <HasResources Value="True"/>
        <ResourceBaseClass Value="Form"/>
        <EditorIndex Value="1"/>
        <CursorPos X="52" Y="59"/>
        <UsageCount Value="246"/>
        <Loaded Value="True"/>
        <LoadedDesigner Value="True"/>
      </Unit16>
      <Unit17>
        <Filename Value="hb_comparison.pas"/>
        <IsPartOfProject Value="True"/>
        <ComponentName Value="Form15"/>
        <HasResources Value="True"/>
        <ResourceBaseClass Value="Form"/>
        <EditorIndex Value="26"/>
        <UsageCount Value="229"/>
        <Loaded Value="True"/>
        <LoadedDesigner Value="True"/>
      </Unit17>
      <Unit18>
        <Filename Value="C:\lazarus\lazarus\lcl\include\control.inc"/>
        <EditorIndex Value="-1"/>
        <WindowIndex Value="1"/>
        <TopLine Value="3538"/>
        <CursorPos Y="3548"/>
        <UsageCount Value="3"/>
      </Unit18>
      <Unit19>
        <Filename Value="hb_tissue_analysis.pas"/>
        <IsPartOfProject Value="True"/>
        <ComponentName Value="Form16"/>
        <HasResources Value="True"/>
        <ResourceBaseClass Value="Form"/>
        <EditorIndex Value="15"/>
        <TopLine Value="374"/>
        <CursorPos X="28" Y="392"/>
        <UsageCount Value="218"/>
        <Loaded Value="True"/>
        <LoadedDesigner Value="True"/>
      </Unit19>
      <Unit20>
        <Filename Value="C:\lazarus\lcl\include\control.inc"/>
        <EditorIndex Value="-1"/>
        <TopLine Value="2939"/>
        <CursorPos Y="2978"/>
        <UsageCount Value="36"/>
      </Unit20>
      <Unit21>
        <Filename Value="customhelpfunctions.pas"/>
        <IsPartOfProject Value="True"/>
        <UnitName Value="CustomHelpFunctions"/>
        <EditorIndex Value="13"/>
        <CursorPos X="31" Y="9"/>
        <UsageCount Value="219"/>
        <Loaded Value="True"/>
      </Unit21>
      <Unit22>
        <Filename Value="C:\lazarus\fpc\3.2.2\source\rtl\objpas\sysutils\sysstr.inc"/>
        <EditorIndex Value="-1"/>
        <TopLine Value="1202"/>
        <CursorPos X="10" Y="1227"/>
        <UsageCount Value="36"/>
      </Unit22>
      <Unit23>
        <Filename Value="C:\lazarus\fpc\3.2.2\source\rtl\objpas\sysutils\sysstrh.inc"/>
        <EditorIndex Value="-1"/>
        <TopLine Value="178"/>
        <CursorPos X="20" Y="196"/>
        <UsageCount Value="36"/>
      </Unit23>
      <Unit24>
        <Filename Value="C:\lazarus\fpc\3.2.2\source\rtl\objpas\sysutils\sysinth.inc"/>
        <EditorIndex Value="-1"/>
        <TopLine Value="28"/>
        <CursorPos X="3" Y="33"/>
        <UsageCount Value="36"/>
      </Unit24>
      <Unit25>
        <Filename Value="C:\lazarus\fpc\3.2.2\source\packages\fcl-db\src\dbase\dbf.pas"/>
        <EditorIndex Value="-1"/>
        <CursorPos X="21" Y="48"/>
        <UsageCount Value="110"/>
      </Unit25>
      <Unit26>
        <Filename Value="db_watterquality.pas"/>
        <EditorIndex Value="9"/>
        <TopLine Value="146"/>
        <CursorPos X="29" Y="165"/>
        <UsageCount Value="171"/>
        <Loaded Value="True"/>
      </Unit26>
      <Unit27>
        <Filename Value="db_formulations.pas"/>
        <EditorIndex Value="8"/>
        <TopLine Value="13"/>
        <CursorPos X="8" Y="22"/>
        <UsageCount Value="170"/>
        <Loaded Value="True"/>
      </Unit27>
      <Unit28>
        <Filename Value="db_base.pas"/>
        <EditorIndex Value="6"/>
        <CursorPos Y="36"/>
        <UsageCount Value="102"/>
        <Loaded Value="True"/>
      </Unit28>
      <Unit29>
        <Filename Value="db_substances.pas"/>
        <EditorIndex Value="5"/>
        <TopLine Value="21"/>
        <CursorPos Y="44"/>
        <UsageCount Value="134"/>
        <Loaded Value="True"/>
      </Unit29>
      <Unit30>
        <Filename Value="db_tissue_analysis.pas"/>
        <EditorIndex Value="4"/>
        <CursorPos X="6" Y="141"/>
        <UsageCount Value="134"/>
        <Loaded Value="True"/>
      </Unit30>
      <Unit31>
        <Filename Value="db_substances_used.pas"/>
        <EditorIndex Value="2"/>
        <TopLine Value="17"/>
        <CursorPos Y="49"/>
        <UsageCount Value="134"/>
        <Loaded Value="True"/>
      </Unit31>
      <Unit32>
        <Filename Value="C:\lazarus\fpc\3.2.2\source\packages\fcl-db\src\base\db.pas"/>
        <UnitName Value="DB"/>
        <EditorIndex Value="-1"/>
        <TopLine Value="1652"/>
        <CursorPos X="15" Y="1687"/>
        <UsageCount Value="32"/>
      </Unit32>
      <Unit33>
        <Filename Value="C:\lazarus\lcl\interfaces\win32\win32listsl.inc"/>
        <EditorIndex Value="-1"/>
        <TopLine Value="115"/>
        <CursorPos Y="160"/>
        <UsageCount Value="32"/>
      </Unit33>
      <Unit34>
        <Filename Value="C:\lazarus\lcl\include\wincontrol.inc"/>
        <EditorIndex Value="-1"/>
        <TopLine Value="5444"/>
        <CursorPos Y="5479"/>
        <UsageCount Value="31"/>
      </Unit34>
      <Unit35>
        <Filename Value="C:\lazarus\lcl\include\customedit.inc"/>
        <EditorIndex Value="-1"/>
        <TopLine Value="351"/>
        <CursorPos Y="501"/>
        <UsageCount Value="31"/>
      </Unit35>
      <Unit36>
        <Filename Value="C:\lazarus\lcl\lclmessageglue.pas"/>
        <UnitName Value="LCLMessageGlue"/>
        <EditorIndex Value="12"/>
        <TopLine Value="87"/>
        <CursorPos Y="118"/>
        <UsageCount Value="12"/>
        <Loaded Value="True"/>
      </Unit36>
      <Unit37>
        <Filename Value="C:\lazarus\fpc\3.2.2\source\rtl\objpas\typinfo.pp"/>
        <UnitName Value="TypInfo"/>
        <EditorIndex Value="3"/>
        <TopLine Value="671"/>
        <CursorPos X="7" Y="690"/>
        <UsageCount Value="12"/>
        <Loaded Value="True"/>
      </Unit37>
      <Unit38>
        <Filename Value="C:\lazarus\fpc\3.2.2\source\packages\rtl-objpas\src\inc\rtti.pp"/>
        <UnitName Value="Rtti"/>
        <EditorIndex Value="7"/>
        <UsageCount Value="11"/>
        <Loaded Value="True"/>
      </Unit38>
      <Unit39>
        <Filename Value="C:\lazarus\fpc\3.2.2\source\rtl\win64\system.pp"/>
        <UnitName Value="System"/>
        <EditorIndex Value="-1"/>
        <TopLine Value="43"/>
        <UsageCount Value="10"/>
      </Unit39>
      <Unit40>
        <Filename Value="C:\lazarus\lcl\grids.pas"/>
        <UnitName Value="Grids"/>
        <EditorIndex Value="11"/>
        <TopLine Value="10320"/>
        <CursorPos Y="10339"/>
        <UsageCount Value="10"/>
        <Loaded Value="True"/>
      </Unit40>
    </Units>
    <JumpHistory Count="30" HistoryIndex="29">
      <Position1>
        <Filename Value="hb_main.pas"/>
        <Caret Line="691" Column="132" TopLine="663"/>
      </Position1>
      <Position2>
        <Filename Value="hb_main.pas"/>
      </Position2>
      <Position3>
        <Filename Value="hb_main.pas"/>
        <Caret Line="2701" TopLine="2684"/>
      </Position3>
      <Position4>
        <Filename Value="C:\lazarus\lcl\grids.pas"/>
        <Caret Line="10339" TopLine="10320"/>
      </Position4>
      <Position5>
        <Filename Value="hb_main.pas"/>
        <Caret Line="911" TopLine="892"/>
      </Position5>
      <Position6>
        <Filename Value="hb_main.pas"/>
        <Caret Line="713" TopLine="694"/>
      </Position6>
      <Position7>
        <Filename Value="C:\lazarus\lcl\grids.pas"/>
        <Caret Line="10339" TopLine="10320"/>
      </Position7>
      <Position8>
        <Filename Value="hb_main.pas"/>
        <Caret Line="713" TopLine="694"/>
      </Position8>
      <Position9>
        <Filename Value="hb_main.pas"/>
        <Caret Line="716" TopLine="694"/>
      </Position9>
      <Position10>
        <Filename Value="hb_main.pas"/>
        <Caret Line="717" TopLine="694"/>
      </Position10>
      <Position11>
        <Filename Value="hb_main.pas"/>
        <Caret Line="719" TopLine="694"/>
      </Position11>
      <Position12>
        <Filename Value="C:\lazarus\lcl\grids.pas"/>
        <Caret Line="10339" TopLine="10320"/>
      </Position12>
      <Position13>
        <Filename Value="hb_main.pas"/>
        <Caret Line="912" Column="18" TopLine="793"/>
      </Position13>
      <Position14>
        <Filename Value="hb_main.pas"/>
        <Caret Line="713" TopLine="704"/>
      </Position14>
      <Position15>
        <Filename Value="hb_main.pas"/>
        <Caret Line="716" TopLine="704"/>
      </Position15>
      <Position16>
        <Filename Value="hb_main.pas"/>
        <Caret Line="717" TopLine="704"/>
      </Position16>
      <Position17>
        <Filename Value="hb_main.pas"/>
        <Caret Line="719" TopLine="704"/>
      </Position17>
      <Position18>
        <Filename Value="C:\lazarus\lcl\grids.pas"/>
        <Caret Line="10339" TopLine="10320"/>
      </Position18>
      <Position19>
        <Filename Value="hb_main.pas"/>
        <Caret Line="719" Column="81" TopLine="835"/>
      </Position19>
      <Position20>
        <Filename Value="C:\lazarus\lcl\grids.pas"/>
        <Caret Line="10339" TopLine="10320"/>
      </Position20>
      <Position21>
        <Filename Value="hb_main.pas"/>
        <Caret Line="713" TopLine="696"/>
      </Position21>
      <Position22>
        <Filename Value="hb_main.pas"/>
        <Caret Line="716" TopLine="696"/>
      </Position22>
      <Position23>
        <Filename Value="hb_main.pas"/>
        <Caret Line="717" TopLine="696"/>
      </Position23>
      <Position24>
        <Filename Value="hb_main.pas"/>
        <Caret Line="719" TopLine="696"/>
      </Position24>
      <Position25>
        <Filename Value="hb_main.pas"/>
        <Caret Line="720" TopLine="696"/>
      </Position25>
      <Position26>
        <Filename Value="hb_main.pas"/>
        <Caret Line="721" TopLine="696"/>
      </Position26>
      <Position27>
        <Filename Value="hb_main.pas"/>
        <Caret Line="724" TopLine="696"/>
      </Position27>
      <Position28>
        <Filename Value="hb_main.pas"/>
        <Caret Line="710" TopLine="696"/>
      </Position28>
      <Position29>
        <Filename Value="hb_main.pas"/>
        <Caret Line="130" Column="31" TopLine="127"/>
      </Position29>
      <Position30>
        <Filename Value="hb_main.pas"/>
        <Caret Line="1328" TopLine="1298"/>
      </Position30>
    </JumpHistory>
  </ProjectOptions>
  <CompilerOptions>
    <Version Value="11"/>
    <PathDelim Value="\"/>
    <SearchPaths>
      <IncludeFiles Value="$(ProjOutDir)"/>
    </SearchPaths>
    <Parsing>
      <SyntaxOptions>
        <UseAnsiStrings Value="False"/>
      </SyntaxOptions>
    </Parsing>
    <Linking>
      <Debugging>
        <DebugInfoType Value="dsDwarf3"/>
      </Debugging>
      <Options>
        <Win32>
          <GraphicApplication Value="True"/>
        </Win32>
      </Options>
    </Linking>
  </CompilerOptions>
  <Debugging>
    <BreakPoints Count="11">
      <Item1>
        <Kind Value="bpkSource"/>
        <WatchScope Value="wpsLocal"/>
        <WatchKind Value="wpkWrite"/>
        <Source Value="hb_main.pas"/>
        <Line Value="2540"/>
      </Item1>
      <Item2>
        <Kind Value="bpkSource"/>
        <WatchScope Value="wpsLocal"/>
        <WatchKind Value="wpkWrite"/>
        <Source Value="hb_main.pas"/>
        <Line Value="2546"/>
      </Item2>
      <Item3>
        <Kind Value="bpkSource"/>
        <WatchScope Value="wpsLocal"/>
        <WatchKind Value="wpkWrite"/>
        <Source Value="C:\lazarus\fpc\3.2.2\source\rtl\objpas\typinfo.pp"/>
        <Line Value="1343"/>
      </Item3>
      <Item4>
        <Kind Value="bpkSource"/>
        <WatchScope Value="wpsLocal"/>
        <WatchKind Value="wpkWrite"/>
        <Source Value="C:\lazarus\fpc\3.2.2\source\rtl\objpas\typinfo.pp"/>
        <Line Value="1296"/>
      </Item4>
      <Item5>
        <Kind Value="bpkSource"/>
        <WatchScope Value="wpsLocal"/>
        <WatchKind Value="wpkWrite"/>
        <Source Value="C:\lazarus\fpc\3.2.2\source\rtl\objpas\typinfo.pp"/>
        <Line Value="1321"/>
      </Item5>
      <Item6>
        <Kind Value="bpkSource"/>
        <WatchScope Value="wpsLocal"/>
        <WatchKind Value="wpkWrite"/>
        <Source Value="C:\lazarus\fpc\3.2.2\source\rtl\objpas\typinfo.pp"/>
        <Line Value="1331"/>
      </Item6>
      <Item7>
        <Kind Value="bpkSource"/>
        <WatchScope Value="wpsLocal"/>
        <WatchKind Value="wpkWrite"/>
        <Source Value="C:\lazarus\fpc\3.2.2\source\rtl\objpas\typinfo.pp"/>
        <Line Value="1337"/>
      </Item7>
      <Item8>
        <Kind Value="bpkSource"/>
        <WatchScope Value="wpsLocal"/>
        <WatchKind Value="wpkWrite"/>
        <Source Value="C:\lazarus\fpc\3.2.2\source\rtl\objpas\typinfo.pp"/>
        <Line Value="1349"/>
      </Item8>
      <Item9>
        <Kind Value="bpkSource"/>
        <WatchScope Value="wpsLocal"/>
        <WatchKind Value="wpkWrite"/>
        <Source Value="C:\lazarus\fpc\3.2.2\source\rtl\objpas\typinfo.pp"/>
        <Line Value="1355"/>
      </Item9>
      <Item10>
        <Kind Value="bpkSource"/>
        <WatchScope Value="wpsLocal"/>
        <WatchKind Value="wpkWrite"/>
        <Source Value="C:\lazarus\fpc\3.2.2\source\rtl\objpas\typinfo.pp"/>
        <Line Value="1455"/>
      </Item10>
      <Item11>
        <Kind Value="bpkSource"/>
        <WatchScope Value="wpsLocal"/>
        <WatchKind Value="wpkWrite"/>
        <Source Value="db_base.pas"/>
        <Line Value="138"/>
      </Item11>
    </BreakPoints>
    <Exceptions Count="3">
      <Item1>
        <Name Value="EAbort"/>
      </Item1>
      <Item2>
        <Name Value="ECodetoolError"/>
      </Item2>
      <Item3>
        <Name Value="EFOpenError"/>
      </Item3>
    </Exceptions>
  </Debugging>
</CONFIG>
