<?xml version="1.0" encoding="UTF-8"?>
<CONFIG>
  <ProjectOptions>
    <Version Value="12"/>
    <PathDelim Value="\"/>
    <General>
      <Flags>
        <CompatibilityMode Value="True"/>
      </Flags>
      <Title Value="HydroBuddy - an Open source nutrient calculator"/>
      <UseXPManifest Value="True"/>
      <Icon Value="0"/>
    </General>
    <VersionInfo>
      <UseVersionInfo Value="True"/>
      <MajorVersionNr Value="1"/>
      <MinorVersionNr Value="5"/>
      <StringTable ProductVersion="1.0.0.0"/>
    </VersionInfo>
    <BuildModes Count="1">
      <Item1 Name="default" Default="True"/>
    </BuildModes>
    <PublishOptions>
      <Version Value="2"/>
    </PublishOptions>
    <RunParams>
      <local>
        <LaunchingApplication PathPlusParams="\usr\X11R6\bin\xterm -T &apos;Lazarus Run Output&apos; -e $(LazarusDir)\tools\runwait.sh $(TargetCmdLine)"/>
      </local>
      <FormatVersion Value="2"/>
      <Modes Count="1">
        <Mode0 Name="default">
          <local>
            <LaunchingApplication PathPlusParams="\usr\X11R6\bin\xterm -T &apos;Lazarus Run Output&apos; -e $(LazarusDir)\tools\runwait.sh $(TargetCmdLine)"/>
          </local>
        </Mode0>
      </Modes>
    </RunParams>
    <RequiredPackages Count="3">
      <Item1>
        <PackageName Value="LCLBase"/>
        <MinVersion Major="1" Release="1" Valid="True"/>
      </Item1>
      <Item2>
        <PackageName Value="TAChartLazarusPkg"/>
        <MinVersion Major="1" Valid="True"/>
      </Item2>
      <Item3>
        <PackageName Value="LCL"/>
      </Item3>
    </RequiredPackages>
    <Units Count="35">
      <Unit0>
        <Filename Value="hydrobuddy.lpr"/>
        <IsPartOfProject Value="True"/>
        <TopLine Value="107"/>
        <CursorPos X="12" Y="140"/>
        <UsageCount Value="200"/>
        <Loaded Value="True"/>
        <LoadedDesigner Value="True"/>
      </Unit0>
      <Unit1>
        <Filename Value="hb_main.pas"/>
        <IsPartOfProject Value="True"/>
        <ComponentName Value="MainForm"/>
        <HasResources Value="True"/>
        <ResourceBaseClass Value="Form"/>
        <UnitName Value="HB_Main"/>
        <IsVisibleTab Value="True"/>
        <EditorIndex Value="8"/>
        <TopLine Value="1894"/>
        <CursorPos X="18" Y="1922"/>
        <UsageCount Value="200"/>
        <Bookmarks Count="2">
          <Item0 X="89" Y="384"/>
          <Item1 Y="779" ID="1"/>
        </Bookmarks>
        <Loaded Value="True"/>
        <LoadedDesigner Value="True"/>
      </Unit1>
      <Unit2>
        <Filename Value="hb_load_salts.pas"/>
        <IsPartOfProject Value="True"/>
        <ComponentName Value="SubstanceSelectionForm"/>
        <HasResources Value="True"/>
        <ResourceBaseClass Value="Form"/>
        <EditorIndex Value="20"/>
        <UsageCount Value="200"/>
        <Loaded Value="True"/>
        <LoadedDesigner Value="True"/>
      </Unit2>
      <Unit3>
        <Filename Value="hb_newcustomsalt.pas"/>
        <IsPartOfProject Value="True"/>
        <ComponentName Value="CustomSaltForm"/>
        <HasResources Value="True"/>
        <ResourceBaseClass Value="Form"/>
        <EditorIndex Value="31"/>
        <TopLine Value="246"/>
        <CursorPos X="33" Y="258"/>
        <UsageCount Value="200"/>
        <Loaded Value="True"/>
        <LoadedDesigner Value="True"/>
      </Unit3>
      <Unit4>
        <Filename Value="densesolver.pas"/>
        <IsPartOfProject Value="True"/>
        <EditorIndex Value="-1"/>
        <TopLine Value="37"/>
        <UsageCount Value="200"/>
      </Unit4>
      <Unit5>
        <Filename Value="hb_addweight.pas"/>
        <IsPartOfProject Value="True"/>
        <ComponentName Value="AddWeightForm"/>
        <HasResources Value="True"/>
        <ResourceBaseClass Value="Form"/>
        <EditorIndex Value="30"/>
        <TopLine Value="3"/>
        <CursorPos X="8" Y="38"/>
        <UsageCount Value="230"/>
        <Loaded Value="True"/>
        <LoadedDesigner Value="True"/>
      </Unit5>
      <Unit6>
        <Filename Value="hb_commercialnutrient.pas"/>
        <IsPartOfProject Value="True"/>
        <ComponentName Value="CommercialNutrientForm"/>
        <HasResources Value="True"/>
        <ResourceBaseClass Value="Form"/>
        <EditorIndex Value="13"/>
        <TopLine Value="100"/>
        <CursorPos X="14" Y="118"/>
        <UsageCount Value="224"/>
        <Loaded Value="True"/>
        <LoadedDesigner Value="True"/>
      </Unit6>
      <Unit7>
        <Filename Value="hb_waterquality.pas"/>
        <IsPartOfProject Value="True"/>
        <ComponentName Value="WatterQualityForm"/>
        <HasResources Value="True"/>
        <ResourceBaseClass Value="Form"/>
        <EditorIndex Value="28"/>
        <TopLine Value="131"/>
        <CursorPos X="23" Y="149"/>
        <UsageCount Value="204"/>
        <Loaded Value="True"/>
        <LoadedDesigner Value="True"/>
      </Unit7>
      <Unit8>
        <Filename Value="hb_insprecision.pas"/>
        <IsPartOfProject Value="True"/>
        <ComponentName Value="InsPrecisionForm"/>
        <HasResources Value="True"/>
        <ResourceBaseClass Value="Form"/>
        <EditorIndex Value="27"/>
        <TopLine Value="10"/>
        <CursorPos X="3" Y="30"/>
        <UsageCount Value="202"/>
        <Loaded Value="True"/>
        <LoadedDesigner Value="True"/>
      </Unit8>
      <Unit9>
        <Filename Value="hb_stockanalysis.pas"/>
        <IsPartOfProject Value="True"/>
        <ComponentName Value="StockAnalysisForm"/>
        <HasResources Value="True"/>
        <ResourceBaseClass Value="Form"/>
        <EditorIndex Value="26"/>
        <CursorPos X="13" Y="9"/>
        <UsageCount Value="200"/>
        <Loaded Value="True"/>
        <LoadedDesigner Value="True"/>
      </Unit9>
      <Unit10>
        <Filename Value="hb_persubstance.pas"/>
        <IsPartOfProject Value="True"/>
        <ComponentName Value="PerSubstanceForm"/>
        <HasResources Value="True"/>
        <ResourceBaseClass Value="Form"/>
        <EditorIndex Value="25"/>
        <CursorPos X="19" Y="26"/>
        <UsageCount Value="216"/>
        <Loaded Value="True"/>
        <LoadedDesigner Value="True"/>
      </Unit10>
      <Unit11>
        <Filename Value="hb_datasetname.pas"/>
        <IsPartOfProject Value="True"/>
        <ComponentName Value="DatasetNameForm"/>
        <HasResources Value="True"/>
        <ResourceBaseClass Value="Form"/>
        <EditorIndex Value="24"/>
        <CursorPos X="18" Y="27"/>
        <UsageCount Value="209"/>
        <Loaded Value="True"/>
        <LoadedDesigner Value="True"/>
      </Unit11>
      <Unit12>
        <Filename Value="hb_analysis.pas"/>
        <IsPartOfProject Value="True"/>
        <ComponentName Value="AnalysisForm"/>
        <HasResources Value="True"/>
        <ResourceBaseClass Value="Form"/>
        <EditorIndex Value="23"/>
        <UsageCount Value="200"/>
        <Loaded Value="True"/>
        <LoadedDesigner Value="True"/>
      </Unit12>
      <Unit13>
        <Filename Value="hb_freedom.pas"/>
        <IsPartOfProject Value="True"/>
        <ComponentName Value="FreedomForm"/>
        <HasResources Value="True"/>
        <ResourceBaseClass Value="Form"/>
        <EditorIndex Value="22"/>
        <CursorPos X="19" Y="13"/>
        <UsageCount Value="204"/>
        <Loaded Value="True"/>
        <LoadedDesigner Value="True"/>
      </Unit13>
      <Unit14>
        <Filename Value="ping.pas"/>
        <IsPartOfProject Value="True"/>
        <UnitName Value="Ping"/>
        <TopLine Value="53"/>
        <CursorPos X="26" Y="72"/>
        <UsageCount Value="202"/>
      </Unit14>
      <Unit15>
        <Filename Value="hb_ph.pas"/>
        <IsPartOfProject Value="True"/>
        <ComponentName Value="AlkalinityForm"/>
        <HasResources Value="True"/>
        <ResourceBaseClass Value="Form"/>
        <EditorIndex Value="29"/>
        <TopLine Value="37"/>
        <CursorPos X="35" Y="51"/>
        <UsageCount Value="248"/>
        <Loaded Value="True"/>
        <LoadedDesigner Value="True"/>
      </Unit15>
      <Unit16>
        <Filename Value="hb_ratios.pas"/>
        <IsPartOfProject Value="True"/>
        <ComponentName Value="RatioForm"/>
        <HasResources Value="True"/>
        <ResourceBaseClass Value="Form"/>
        <EditorIndex Value="9"/>
        <CursorPos X="45" Y="62"/>
        <UsageCount Value="246"/>
        <Loaded Value="True"/>
        <LoadedDesigner Value="True"/>
      </Unit16>
      <Unit17>
        <Filename Value="hb_comparison.pas"/>
        <IsPartOfProject Value="True"/>
        <ComponentName Value="ComparisonForm"/>
        <HasResources Value="True"/>
        <ResourceBaseClass Value="Form"/>
        <EditorIndex Value="12"/>
        <CursorPos X="51" Y="19"/>
        <UsageCount Value="229"/>
        <Loaded Value="True"/>
        <LoadedDesigner Value="True"/>
      </Unit17>
      <Unit18>
        <Filename Value="hb_tissue_analysis.pas"/>
        <IsPartOfProject Value="True"/>
        <ComponentName Value="TissueAnalysisForm"/>
        <HasResources Value="True"/>
        <ResourceBaseClass Value="Form"/>
        <EditorIndex Value="21"/>
        <CursorPos X="5" Y="93"/>
        <UsageCount Value="218"/>
        <Loaded Value="True"/>
        <LoadedDesigner Value="True"/>
      </Unit18>
      <Unit19>
        <Filename Value="C:\lazarus\lcl\include\control.inc"/>
        <EditorIndex Value="11"/>
        <TopLine Value="4592"/>
        <CursorPos Y="4650"/>
        <UsageCount Value="109"/>
        <Loaded Value="True"/>
      </Unit19>
      <Unit20>
        <Filename Value="customhelpfunctions.pas"/>
        <IsPartOfProject Value="True"/>
        <UnitName Value="CustomHelpFunctions"/>
        <EditorIndex Value="14"/>
        <CursorPos Y="16"/>
        <UsageCount Value="219"/>
        <Loaded Value="True"/>
      </Unit20>
      <Unit21>
        <Filename Value="C:\lazarus\fpc\3.2.2\source\packages\fcl-db\src\dbase\dbf.pas"/>
        <EditorIndex Value="-1"/>
        <CursorPos X="21" Y="48"/>
        <UsageCount Value="61"/>
      </Unit21>
      <Unit22>
        <Filename Value="db_watterquality.pas"/>
        <EditorIndex Value="7"/>
        <CursorPos Y="172"/>
        <UsageCount Value="171"/>
        <Loaded Value="True"/>
      </Unit22>
      <Unit23>
        <Filename Value="db_formulations.pas"/>
        <EditorIndex Value="6"/>
        <CursorPos Y="12"/>
        <UsageCount Value="170"/>
        <Loaded Value="True"/>
      </Unit23>
      <Unit24>
        <Filename Value="db_base.pas"/>
        <EditorIndex Value="4"/>
        <CursorPos Y="72"/>
        <UsageCount Value="102"/>
        <Loaded Value="True"/>
      </Unit24>
      <Unit25>
        <Filename Value="db_substances.pas"/>
        <EditorIndex Value="3"/>
        <TopLine Value="7"/>
        <CursorPos X="30" Y="11"/>
        <UsageCount Value="134"/>
        <Loaded Value="True"/>
      </Unit25>
      <Unit26>
        <Filename Value="db_tissue_analysis.pas"/>
        <EditorIndex Value="2"/>
        <TopLine Value="7"/>
        <CursorPos X="6" Y="141"/>
        <UsageCount Value="134"/>
        <Loaded Value="True"/>
      </Unit26>
      <Unit27>
        <Filename Value="db_substances_used.pas"/>
        <EditorIndex Value="1"/>
        <TopLine Value="122"/>
        <CursorPos X="50" Y="189"/>
        <UsageCount Value="134"/>
        <Loaded Value="True"/>
      </Unit27>
      <Unit28>
        <Filename Value="db_settings.pas"/>
        <EditorIndex Value="5"/>
        <TopLine Value="106"/>
        <CursorPos Y="131"/>
        <UsageCount Value="130"/>
        <Loaded Value="True"/>
      </Unit28>
      <Unit29>
        <Filename Value="C:\lazarus\lcl\lresources.pp"/>
        <UnitName Value="LResources"/>
        <EditorIndex Value="19"/>
        <TopLine Value="5328"/>
        <CursorPos Y="5350"/>
        <UsageCount Value="130"/>
        <Loaded Value="True"/>
      </Unit29>
      <Unit30>
        <Filename Value="C:\lazarus\lcl\grids.pas"/>
        <UnitName Value="Grids"/>
        <EditorIndex Value="15"/>
        <TopLine Value="10320"/>
        <CursorPos Y="10339"/>
        <UsageCount Value="129"/>
        <Loaded Value="True"/>
      </Unit30>
      <Unit31>
        <Filename Value="C:\lazarus\fpc\3.2.2\source\rtl\objpas\classes\classesh.inc"/>
        <EditorIndex Value="18"/>
        <UsageCount Value="127"/>
        <Loaded Value="True"/>
      </Unit31>
      <Unit32>
        <Filename Value="C:\lazarus\lcl\controls.pp"/>
        <UnitName Value="Controls"/>
        <EditorIndex Value="16"/>
        <TopLine Value="1169"/>
        <CursorPos X="3" Y="1188"/>
        <UsageCount Value="126"/>
        <Loaded Value="True"/>
      </Unit32>
      <Unit33>
        <Filename Value="C:\lazarus\lcl\lclclasses.pp"/>
        <UnitName Value="LCLClasses"/>
        <EditorIndex Value="17"/>
        <TopLine Value="26"/>
        <CursorPos X="3" Y="45"/>
        <UsageCount Value="126"/>
        <Loaded Value="True"/>
      </Unit33>
      <Unit34>
        <Filename Value="hb_constants.pas"/>
        <IsPartOfProject Value="True"/>
        <EditorIndex Value="10"/>
        <TopLine Value="57"/>
        <CursorPos Y="105"/>
        <UsageCount Value="70"/>
        <Loaded Value="True"/>
      </Unit34>
    </Units>
    <JumpHistory Count="30" HistoryIndex="29">
      <Position1>
        <Filename Value="hb_main.pas"/>
        <Caret Line="206" TopLine="189"/>
      </Position1>
      <Position2>
        <Filename Value="hb_main.pas"/>
        <Caret Line="222" Column="7" TopLine="189"/>
      </Position2>
      <Position3>
        <Filename Value="hb_main.pas"/>
        <Caret Line="212" TopLine="189"/>
      </Position3>
      <Position4>
        <Filename Value="hb_main.pas"/>
        <Caret Line="209" Column="21" TopLine="189"/>
      </Position4>
      <Position5>
        <Filename Value="hb_main.pas"/>
        <Caret Line="1894" Column="47" TopLine="1877"/>
      </Position5>
      <Position6>
        <Filename Value="hb_main.pas"/>
      </Position6>
      <Position7>
        <Filename Value="hb_main.pas"/>
        <Caret Line="193" Column="41" TopLine="164"/>
      </Position7>
      <Position8>
        <Filename Value="hb_main.pas"/>
        <Caret Line="1893" TopLine="1873"/>
      </Position8>
      <Position9>
        <Filename Value="hb_main.pas"/>
        <Caret Line="192" Column="24" TopLine="175"/>
      </Position9>
      <Position10>
        <Filename Value="hb_main.pas"/>
        <Caret Line="1890" Column="3" TopLine="1887"/>
      </Position10>
      <Position11>
        <Filename Value="hb_main.pas"/>
        <Caret Line="192" Column="27" TopLine="175"/>
      </Position11>
      <Position12>
        <Filename Value="hb_main.pas"/>
        <Caret Line="1888" TopLine="1858"/>
      </Position12>
      <Position13>
        <Filename Value="hb_main.pas"/>
      </Position13>
      <Position14>
        <Filename Value="hb_main.pas"/>
        <Caret Line="1695" Column="41" TopLine="1673"/>
      </Position14>
      <Position15>
        <Filename Value="hb_main.pas"/>
      </Position15>
      <Position16>
        <Filename Value="hb_main.pas"/>
        <Caret Line="187" Column="35" TopLine="158"/>
      </Position16>
      <Position17>
        <Filename Value="hb_main.pas"/>
        <Caret Line="1695" TopLine="1665"/>
      </Position17>
      <Position18>
        <Filename Value="hb_main.pas"/>
        <Caret Line="181" Column="23" TopLine="169"/>
      </Position18>
      <Position19>
        <Filename Value="hb_main.pas"/>
        <Caret Line="1951" Column="3" TopLine="1934"/>
      </Position19>
      <Position20>
        <Filename Value="hb_main.pas"/>
      </Position20>
      <Position21>
        <Filename Value="hb_main.pas"/>
        <Caret Line="195" TopLine="166"/>
      </Position21>
      <Position22>
        <Filename Value="hb_main.pas"/>
        <Caret Line="1937" Column="7" TopLine="1913"/>
      </Position22>
      <Position23>
        <Filename Value="hb_main.pas"/>
        <Caret Line="1941" Column="56" TopLine="1913"/>
      </Position23>
      <Position24>
        <Filename Value="hb_main.pas"/>
        <Caret Line="1930" Column="50" TopLine="1917"/>
      </Position24>
      <Position25>
        <Filename Value="hb_main.pas"/>
        <Caret Line="1932" Column="60" TopLine="1917"/>
      </Position25>
      <Position26>
        <Filename Value="hb_main.pas"/>
        <Caret Line="1934" Column="4" TopLine="1917"/>
      </Position26>
      <Position27>
        <Filename Value="hb_main.pas"/>
        <Caret Line="1937" TopLine="1917"/>
      </Position27>
      <Position28>
        <Filename Value="hb_main.pas"/>
        <Caret Line="1926" Column="40" TopLine="1908"/>
      </Position28>
      <Position29>
        <Filename Value="hb_main.pas"/>
        <Caret Column="5"/>
      </Position29>
      <Position30>
        <Filename Value="hb_main.pas"/>
        <Caret Line="191" TopLine="162"/>
      </Position30>
    </JumpHistory>
  </ProjectOptions>
  <CompilerOptions>
    <Version Value="11"/>
    <PathDelim Value="\"/>
    <SearchPaths>
      <IncludeFiles Value="$(ProjOutDir)"/>
    </SearchPaths>
    <Parsing>
      <SyntaxOptions>
        <SyntaxMode Value="FPC"/>
        <UseAnsiStrings Value="False"/>
      </SyntaxOptions>
    </Parsing>
    <Linking>
      <Debugging>
        <DebugInfoType Value="dsDwarf3"/>
      </Debugging>
      <Options>
        <Win32>
          <GraphicApplication Value="True"/>
        </Win32>
      </Options>
    </Linking>
  </CompilerOptions>
  <Debugging>
    <Exceptions Count="3">
      <Item1>
        <Name Value="EAbort"/>
      </Item1>
      <Item2>
        <Name Value="ECodetoolError"/>
      </Item2>
      <Item3>
        <Name Value="EFOpenError"/>
      </Item3>
    </Exceptions>
  </Debugging>
</CONFIG>
